{
  "requires": true,
  "lockfileVersion": 1,
  "dependencies": {
    "@types/flickity": {
      "version": "2.2.1",
      "resolved": "https://registry.npmjs.org/@types/flickity/-/flickity-2.2.1.tgz",
      "integrity": "sha512-wC5lo76DXjVlc+tfMCe7rH/hOlPA0vaCgBE0KH8BgDq17hbyuFUNqu7fCbQxjc5aUtX4VQMZBnKlXq0DbmNW4g=="
    }
  }
}
